// !$*UTF8*$!
{
	archiveVersion = 1;
	classes = {
	};
	objectVersion = 50;
	objects = {

/* Begin PBXBuildFile section */
		40FB0DD22611D7F4003E5851 /* AppDelegate.swift in Sources */ = {isa = PBXBuildFile; fileRef = 40FB0DD12611D7F4003E5851 /* AppDelegate.swift */; };
		40FB0DD62611D7F4003E5851 /* ViewController.swift in Sources */ = {isa = PBXBuildFile; fileRef = 40FB0DD52611D7F4003E5851 /* ViewController.swift */; };
		40FB0DD92611D7F4003E5851 /* Main.storyboard in Resources */ = {isa = PBXBuildFile; fileRef = 40FB0DD72611D7F4003E5851 /* Main.storyboard */; };
		40FB0DDB2611D7F8003E5851 /* Assets.xcassets in Resources */ = {isa = PBXBuildFile; fileRef = 40FB0DDA2611D7F8003E5851 /* Assets.xcassets */; };
		40FB0DDE2611D7F8003E5851 /* LaunchScreen.storyboard in Resources */ = {isa = PBXBuildFile; fileRef = 40FB0DDC2611D7F8003E5851 /* LaunchScreen.storyboard */; };
		40FB0DE82611D96B003E5851 /* IAPHelper.swift in Sources */ = {isa = PBXBuildFile; fileRef = 40FB0DE72611D96B003E5851 /* IAPHelper.swift */; };
/* End PBXBuildFile section */

/* Begin PBXFileReference section */
		40FB0DCE2611D7F4003E5851 /* IAP.app */ = {isa = PBXFileReference; explicitFileType = wrapper.application; includeInIndex = 0; path = IAP.app; sourceTree = BUILT_PRODUCTS_DIR; };
		40FB0DD12611D7F4003E5851 /* AppDelegate.swift */ = {isa = PBXFileReference; lastKnownFileType = sourcecode.swift; path = AppDelegate.swift; sourceTree = "<group>"; };
		40FB0DD52611D7F4003E5851 /* ViewController.swift */ = {isa = PBXFileReference; lastKnownFileType = sourcecode.swift; path = ViewController.swift; sourceTree = "<group>"; };
		40FB0DD82611D7F4003E5851 /* Base */ = {isa = PBXFileReference; lastKnownFileType = file.storyboard; name = Base; path = Base.lproj/Main.storyboard; sourceTree = "<group>"; };
		40FB0DDA2611D7F8003E5851 /* Assets.xcassets */ = {isa = PBXFileReference; lastKnownFileType = folder.assetcatalog; path = Assets.xcassets; sourceTree = "<group>"; };
		40FB0DDD2611D7F8003E5851 /* Base */ = {isa = PBXFileReference; lastKnownFileType = file.storyboard; name = Base; path = Base.lproj/LaunchScreen.storyboard; sourceTree = "<group>"; };
		40FB0DDF2611D7F8003E5851 /* Info.plist */ = {isa = PBXFileReference; lastKnownFileType = text.plist.xml; path = Info.plist; sourceTree = "<group>"; };
		40FB0DE72611D96B003E5851 /* IAPHelper.swift */ = {isa = PBXFileReference; fileEncoding = 4; lastKnownFileType = sourcecode.swift; path = IAPHelper.swift; sourceTree = "<group>"; };
/* End PBXFileReference section */

/* Begin PBXFrameworksBuildPhase section */
		40FB0DCB2611D7F4003E5851 /* Frameworks */ = {
			isa = PBXFrameworksBuildPhase;
			buildActionMask = 2147483647;
			files = (
			);
			runOnlyForDeploymentPostprocessing = 0;
		};
/* End PBXFrameworksBuildPhase section */

/* Begin PBXGroup section */
		40FB0DC52611D7F4003E5851 = {
			isa = PBXGroup;
			children = (
				40FB0DD02611D7F4003E5851 /* IAP */,
				40FB0DCF2611D7F4003E5851 /* Products */,
			);
			sourceTree = "<group>";
		};
		40FB0DCF2611D7F4003E5851 /* Products */ = {
			isa = PBXGroup;
			children = (
				40FB0DCE2611D7F4003E5851 /* IAP.app */,
			);
			name = Products;
			sourceTree = "<group>";
		};
		40FB0DD02611D7F4003E5851 /* IAP */ = {
			isa = PBXGroup;
			children = (
				40FB0DE72611D96B003E5851 /* IAPHelper.swift */,
				40FB0DD12611D7F4003E5851 /* AppDelegate.swift */,
				40FB0DD52611D7F4003E5851 /* ViewController.swift */,
				40FB0DD72611D7F4003E5851 /* Main.storyboard */,
				40FB0DDA2611D7F8003E5851 /* Assets.xcassets */,
				40FB0DDC2611D7F8003E5851 /* LaunchScreen.storyboard */,
				40FB0DDF2611D7F8003E5851 /* Info.plist */,
			);
			path = IAP;
			sourceTree = "<group>";
		};
/* End PBXGroup section */

/* Begin PBXNativeTarget section */
		40FB0DCD2611D7F4003E5851 /* IAP */ = {
			isa = PBXNativeTarget;
			buildConfigurationList = 40FB0DE22611D7F8003E5851 /* Build configuration list for PBXNativeTarget "IAP" */;
			buildPhases = (
				40FB0DCA2611D7F4003E5851 /* Sources */,
				40FB0DCB2611D7F4003E5851 /* Frameworks */,
				40FB0DCC2611D7F4003E5851 /* Resources */,
			);
			buildRules = (
			);
			dependencies = (
			);
			name = IAP;
			productName = IAP;
			productReference = 40FB0DCE2611D7F4003E5851 /* IAP.app */;
			productType = "com.apple.product-type.application";
		};
/* End PBXNativeTarget section */

/* Begin PBXProject section */
		40FB0DC62611D7F4003E5851 /* Project object */ = {
			isa = PBXProject;
			attributes = {
				LastSwiftUpdateCheck = 1240;
				LastUpgradeCheck = 1240;
				TargetAttributes = {
					40FB0DCD2611D7F4003E5851 = {
						CreatedOnToolsVersion = 12.4;
					};
				};
			};
			buildConfigurationList = 40FB0DC92611D7F4003E5851 /* Build configuration list for PBXProject "IAP" */;
			compatibilityVersion = "Xcode 9.3";
			developmentRegion = en;
			hasScannedForEncodings = 0;
			knownRegions = (
				en,
				Base,
			);
			mainGroup = 40FB0DC52611D7F4003E5851;
			productRefGroup = 40FB0DCF2611D7F4003E5851 /* Products */;
			projectDirPath = "";
			projectRoot = "";
			targets = (
				40FB0DCD2611D7F4003E5851 /* IAP */,
			);
		};
/* End PBXProject section */

/* Begin PBXResourcesBuildPhase section */
		40FB0DCC2611D7F4003E5851 /* Resources */ = {
			isa = PBXResourcesBuildPhase;
			buildActionMask = 2147483647;
			files = (
				40FB0DDE2611D7F8003E5851 /* LaunchScreen.storyboard in Resources */,
				40FB0DDB2611D7F8003E5851 /* Assets.xcassets in Resources */,
				40FB0DD92611D7F4003E5851 /* Main.storyboard in Resources */,
			);
			runOnlyForDeploymentPostprocessing = 0;
		};
/* End PBXResourcesBuildPhase section */

/* Begin PBXSourcesBuildPhase section */
		40FB0DCA2611D7F4003E5851 /* Sources */ = {
			isa = PBXSourcesBuildPhase;
			buildActionMask = 2147483647;
			files = (
				40FB0DD62611D7F4003E5851 /* ViewController.swift in Sources */,
				40FB0DE82611D96B003E5851 /* IAPHelper.swift in Sources */,
				40FB0DD22611D7F4003E5851 /* AppDelegate.swift in Sources */,
			);
			runOnlyForDeploymentPostprocessing = 0;
		};
/* End PBXSourcesBuildPhase section */

/* Begin PBXVariantGroup section */
		40FB0DD72611D7F4003E5851 /* Main.storyboard */ = {
			isa = PBXVariantGroup;
			children = (
				40FB0DD82611D7F4003E5851 /* Base */,
			);
			name = Main.storyboard;
			sourceTree = "<group>";
		};
		40FB0DDC2611D7F8003E5851 /* LaunchScreen.storyboard */ = {
			isa = PBXVariantGroup;
			children = (
				40FB0DDD2611D7F8003E5851 /* Base */,
			);
			name = LaunchScreen.storyboard;
			sourceTree = "<group>";
		};
/* End PBXVariantGroup section */

/* Begin XCBuildConfiguration section */
		40FB0DE02611D7F8003E5851 /* Debug */ = {
			isa = XCBuildConfiguration;
			buildSettings = {
				ALWAYS_SEARCH_USER_PATHS = NO;
				CLANG_ANALYZER_NONNULL = YES;
				CLANG_ANALYZER_NUMBER_OBJECT_CONVERSION = YES_AGGRESSIVE;
				CLANG_CXX_LANGUAGE_STANDARD = "gnu++14";
				CLANG_CXX_LIBRARY = "libc++";
				CLANG_ENABLE_MODULES = YES;
				CLANG_ENABLE_OBJC_ARC = YES;
				CLANG_ENABLE_OBJC_WEAK = YES;
				CLANG_WARN_BLOCK_CAPTURE_AUTORELEASING = YES;
				CLANG_WARN_BOOL_CONVERSION = YES;
				CLANG_WARN_COMMA = YES;
				CLANG_WARN_CONSTANT_CONVERSION = YES;
				CLANG_WARN_DEPRECATED_OBJC_IMPLEMENTATIONS = YES;
				CLANG_WARN_DIRECT_OBJC_ISA_USAGE = YES_ERROR;
				CLANG_WARN_DOCUMENTATION_COMMENTS = YES;
				CLANG_WARN_EMPTY_BODY = YES;
				CLANG_WARN_ENUM_CONVERSION = YES;
				CLANG_WARN_INFINITE_RECURSION = YES;
				CLANG_WARN_INT_CONVERSION = YES;
				CLANG_WARN_NON_LITERAL_NULL_CONVERSION = YES;
				CLANG_WARN_OBJC_IMPLICIT_RETAIN_SELF = YES;
				CLANG_WARN_OBJC_LITERAL_CONVERSION = YES;
				CLANG_WARN_OBJC_ROOT_CLASS = YES_ERROR;
				CLANG_WARN_QUOTED_INCLUDE_IN_FRAMEWORK_HEADER = YES;
				CLANG_WARN_RANGE_LOOP_ANALYSIS = YES;
				CLANG_WARN_STRICT_PROTOTYPES = YES;
				CLANG_WARN_SUSPICIOUS_MOVE = YES;
				CLANG_WARN_UNGUARDED_AVAILABILITY = YES_AGGRESSIVE;
				CLANG_WARN_UNREACHABLE_CODE = YES;
				CLANG_WARN__DUPLICATE_METHOD_MATCH = YES;
				COPY_PHASE_STRIP = NO;
				DEBUG_INFORMATION_FORMAT = dwarf;
				ENABLE_STRICT_OBJC_MSGSEND = YES;
				ENABLE_TESTABILITY = YES;
				GCC_C_LANGUAGE_STANDARD = gnu11;
				GCC_DYNAMIC_NO_PIC = NO;
				GCC_NO_COMMON_BLOCKS = YES;
				GCC_OPTIMIZATION_LEVEL = 0;
				GCC_PREPROCESSOR_DEFINITIONS = (
					"DEBUG=1",
					"$(inherited)",
				);
				GCC_WARN_64_TO_32_BIT_CONVERSION = YES;
				GCC_WARN_ABOUT_RETURN_TYPE = YES_ERROR;
				GCC_WARN_UNDECLARED_SELECTOR = YES;
				GCC_WARN_UNINITIALIZED_AUTOS = YES_AGGRESSIVE;
				GCC_WARN_UNUSED_FUNCTION = YES;
				GCC_WARN_UNUSED_VARIABLE = YES;
				IPHONEOS_DEPLOYMENT_TARGET = 14.4;
				MTL_ENABLE_DEBUG_INFO = INCLUDE_SOURCE;
				MTL_FAST_MATH = YES;
				ONLY_ACTIVE_ARCH = YES;
				SDKROOT = iphoneos;
				SWIFT_ACTIVE_COMPILATION_CONDITIONS = DEBUG;
				SWIFT_OPTIMIZATION_LEVEL = "-Onone";
			};
			name = Debug;
		};
		40FB0DE12611D7F8003E5851 /* Release */ = {
			isa = XCBuildConfiguration;
			buildSettings = {
				ALWAYS_SEARCH_USER_PATHS = NO;
				CLANG_ANALYZER_NONNULL = YES;
				CLANG_ANALYZER_NUMBER_OBJECT_CONVERSION = YES_AGGRESSIVE;
				CLANG_CXX_LANGUAGE_STANDARD = "gnu++14";
				CLANG_CXX_LIBRARY = "libc++";
				CLANG_ENABLE_MODULES = YES;
				CLANG_ENABLE_OBJC_ARC = YES;
				CLANG_ENABLE_OBJC_WEAK = YES;
				CLANG_WARN_BLOCK_CAPTURE_AUTORELEASING = YES;
				CLANG_WARN_BOOL_CONVERSION = YES;
				CLANG_WARN_COMMA = YES;
				CLANG_WARN_CONSTANT_CONVERSION = YES;
				CLANG_WARN_DEPRECATED_OBJC_IMPLEMENTATIONS = YES;
				CLANG_WARN_DIRECT_OBJC_ISA_USAGE = YES_ERROR;
				CLANG_WARN_DOCUMENTATION_COMMENTS = YES;
				CLANG_WARN_EMPTY_BODY = YES;
				CLANG_WARN_ENUM_CONVERSION = YES;
				CLANG_WARN_INFINITE_RECURSION = YES;
				CLANG_WARN_INT_CONVERSION = YES;
				CLANG_WARN_NON_LITERAL_NULL_CONVERSION = YES;
				CLANG_WARN_OBJC_IMPLICIT_RETAIN_SELF = YES;
				CLANG_WARN_OBJC_LITERAL_CONVERSION = YES;
				CLANG_WARN_OBJC_ROOT_CLASS = YES_ERROR;
				CLANG_WARN_QUOTED_INCLUDE_IN_FRAMEWORK_HEADER = YES;
				CLANG_WARN_RANGE_LOOP_ANALYSIS = YES;
				CLANG_WARN_STRICT_PROTOTYPES = YES;
				CLANG_WARN_SUSPICIOUS_MOVE = YES;
				CLANG_WARN_UNGUARDED_AVAILABILITY = YES_AGGRESSIVE;
				CLANG_WARN_UNREACHABLE_CODE = YES;
				CLANG_WARN__DUPLICATE_METHOD_MATCH = YES;
				COPY_PHASE_STRIP = NO;
				DEBUG_INFORMATION_FORMAT = "dwarf-with-dsym";
				ENABLE_NS_ASSERTIONS = NO;
				ENABLE_STRICT_OBJC_MSGSEND = YES;
				GCC_C_LANGUAGE_STANDARD = gnu11;
				GCC_NO_COMMON_BLOCKS = YES;
				GCC_WARN_64_TO_32_BIT_CONVERSION = YES;
				GCC_WARN_ABOUT_RETURN_TYPE = YES_ERROR;
				GCC_WARN_UNDECLARED_SELECTOR = YES;
				GCC_WARN_UNINITIALIZED_AUTOS = YES_AGGRESSIVE;
				GCC_WARN_UNUSED_FUNCTION = YES;
				GCC_WARN_UNUSED_VARIABLE = YES;
				IPHONEOS_DEPLOYMENT_TARGET = 14.4;
				MTL_ENABLE_DEBUG_INFO = NO;
				MTL_FAST_MATH = YES;
				SDKROOT = iphoneos;
				SWIFT_COMPILATION_MODE = wholemodule;
				SWIFT_OPTIMIZATION_LEVEL = "-O";
				VALIDATE_PRODUCT = YES;
			};
			name = Release;
		};
		40FB0DE32611D7F8003E5851 /* Debug */ = {
			isa = XCBuildConfiguration;
			buildSettings = {
				ASSETCATALOG_COMPILER_APPICON_NAME = AppIcon;
				ASSETCATALOG_COMPILER_GLOBAL_ACCENT_COLOR_NAME = AccentColor;
				CODE_SIGN_STYLE = Automatic;
				DEVELOPMENT_TEAM = 65UW222FJM;
				INFOPLIST_FILE = IAP/Info.plist;
				LD_RUNPATH_SEARCH_PATHS = (
					"$(inherited)",
					"@executable_path/Frameworks",
				);
				PRODUCT_BUNDLE_IDENTIFIER = com.lilei.testaa.IAP;
				PRODUCT_NAME = "$(TARGET_NAME)";
				SWIFT_VERSION = 5.0;
				TARGETED_DEVICE_FAMILY = "1,2";
			};
			name = Debug;
		};
		40FB0DE42611D7F8003E5851 /* Release */ = {
			isa = XCBuildConfiguration;
			buildSettings = {
				ASSETCATALOG_COMPILER_APPICON_NAME = AppIcon;
				ASSETCATALOG_COMPILER_GLOBAL_ACCENT_COLOR_NAME = AccentColor;
				CODE_SIGN_STYLE = Automatic;
				DEVELOPMENT_TEAM = 65UW222FJM;
				INFOPLIST_FILE = IAP/Info.plist;
				LD_RUNPATH_SEARCH_PATHS = (
					"$(inherited)",
					"@executable_path/Frameworks",
				);
				PRODUCT_BUNDLE_IDENTIFIER = com.lilei.testaa.IAP;
				PRODUCT_NAME = "$(TARGET_NAME)";
				SWIFT_VERSION = 5.0;
				TARGETED_DEVICE_FAMILY = "1,2";
			};
			name = Release;
		};
/* End XCBuildConfiguration section */

/* Begin XCConfigurationList section */
		40FB0DC92611D7F4003E5851 /* Build configuration list for PBXProject "IAP" */ = {
			isa = XCConfigurationList;
			buildConfigurations = (
				40FB0DE02611D7F8003E5851 /* Debug */,
				40FB0DE12611D7F8003E5851 /* Release */,
			);
			defaultConfigurationIsVisible = 0;
			defaultConfigurationName = Release;
		};
		40FB0DE22611D7F8003E5851 /* Build configuration list for PBXNativeTarget "IAP" */ = {
			isa = XCConfigurationList;
			buildConfigurations = (
				40FB0DE32611D7F8003E5851 /* Debug */,
				40FB0DE42611D7F8003E5851 /* Release */,
			);
			defaultConfigurationIsVisible = 0;
			defaultConfigurationName = Release;
		};
/* End XCConfigurationList section */
	};
	rootObject = 40FB0DC62611D7F4003E5851 /* Project object */;
}
